
Microsoft Visual Studio Solution File, Format Version 12.00
# Visual Studio Version 17
VisualStudioVersion = 17.3.32811.315
MinimumVisualStudioVersion = 10.0.40219.1
Project("{9A19103F-16F7-4668-BE54-9A1E7A4F7556}") = "Agencia", "TECMESAPI.csproj", "{8DC8FA59-4835-4D80-8103-74F92B8D678D}"
EndProject
Project("{2150E333-8FDC-42A3-9474-1A3956D46DE8}") = "1 - API", "1 - API", "{D9BF1293-3223-41D5-8158-9D459DD4AB18}"
EndProject
Project("{2150E333-8FDC-42A3-9474-1A3956D46DE8}") = "2 - Application", "2 - Application", "{B9E7411A-DEBB-4B7F-B701-487F8820B824}"
EndProject
Project("{2150E333-8FDC-42A3-9474-1A3956D46DE8}") = "3 - Domain", "3 - Domain", "{9CE3D9A7-481C-40E1-A16D-F18FD3FA110F}"
EndProject
Project("{2150E333-8FDC-42A3-9474-1A3956D46DE8}") = "4 - Infra", "4 - Infra", "{60D46143-FCF4-4899-BBA2-A1994607273E}"
EndProject
Project("{FAE04EC0-301F-11D3-BF4B-00C04F79EFBC}") = "TECMESAPI.Application", "..\TECMESAPI.Application\TECMESAPI.Application.csproj", "{D7175FA1-0EE3-4C74-80EB-A3D3A632FD00}"
EndProject
Project("{FAE04EC0-301F-11D3-BF4B-00C04F79EFBC}") = "TECMESAPI.Application.Services", "..\TECMESAPI.Application.Services\TECMESAPI.Application.Services.csproj", "{EAEEB601-FF46-4AE0-990B-48A7DEC32AAD}"
EndProject
Project("{FAE04EC0-301F-11D3-BF4B-00C04F79EFBC}") = "TECMESAPI.Domain", "..\TECMESAPI.Domain\TECMESAPI.Domain.csproj", "{38E30F8A-375F-4D93-A850-249ACC0D728F}"
EndProject
Project("{FAE04EC0-301F-11D3-BF4B-00C04F79EFBC}") = "TECMESAPI.Domain.Services", "..\TECMESAPI.Domain.Services\TECMESAPI.Domain.Services.csproj", "{470EEA2B-4C74-42CC-A237-6B12ECBB9E9F}"
EndProject
Project("{2150E333-8FDC-42A3-9474-1A3956D46DE8}") = "4.1 - Data", "4.1 - Data", "{6E178786-CDBE-42AC-A430-03D61532E737}"
EndProject
Project("{2150E333-8FDC-42A3-9474-1A3956D46DE8}") = "4.2 - CrossCutting", "4.2 - CrossCutting", "{8E7C2250-D282-49E0-A078-2FCD2E8D3D6F}"
EndProject
Project("{FAE04EC0-301F-11D3-BF4B-00C04F79EFBC}") = "TECMESAPI.Infra.Data", "..\TECMESAPI.Infra.Data\TECMESAPI.Infra.Data.csproj", "{53614936-0207-4EF3-8D4B-386CFB2863CE}"
EndProject
Project("{FAE04EC0-301F-11D3-BF4B-00C04F79EFBC}") = "TECMESAPI.CrossCutting", "..\TECMESAPI.Infra.CrossCutting\TECMESAPI.Infra.CrossCutting.csproj", "{E15E34F7-20F4-4477-8244-CA844464BF7C}"
EndProject
Project("{FAE04EC0-301F-11D3-BF4B-00C04F79EFBC}") = "TECMESAPI.CrossCutting.IoC", "..\TECMESAPI.Infra.CrossCutting.IoC\TECMESAPI.Infra.CrossCutting.IoC.csproj", "{AD8A14CC-3138-44A0-AECF-3AC027BAF1BC}"
EndProject
Global
	GlobalSection(SolutionConfigurationPlatforms) = preSolution
		Debug|Any CPU = Debug|Any CPU
		Release|Any CPU = Release|Any CPU
	EndGlobalSection
	GlobalSection(ProjectConfigurationPlatforms) = postSolution
		{8DC8FA59-4835-4D80-8103-74F92B8D678D}.Debug|Any CPU.ActiveCfg = Debug|Any CPU
		{8DC8FA59-4835-4D80-8103-74F92B8D678D}.Debug|Any CPU.Build.0 = Debug|Any CPU
		{8DC8FA59-4835-4D80-8103-74F92B8D678D}.Release|Any CPU.ActiveCfg = Release|Any CPU
		{8DC8FA59-4835-4D80-8103-74F92B8D678D}.Release|Any CPU.Build.0 = Release|Any CPU
		{D7175FA1-0EE3-4C74-80EB-A3D3A632FD00}.Debug|Any CPU.ActiveCfg = Debug|Any CPU
		{D7175FA1-0EE3-4C74-80EB-A3D3A632FD00}.Debug|Any CPU.Build.0 = Debug|Any CPU
		{D7175FA1-0EE3-4C74-80EB-A3D3A632FD00}.Release|Any CPU.ActiveCfg = Release|Any CPU
		{D7175FA1-0EE3-4C74-80EB-A3D3A632FD00}.Release|Any CPU.Build.0 = Release|Any CPU
		{EAEEB601-FF46-4AE0-990B-48A7DEC32AAD}.Debug|Any CPU.ActiveCfg = Debug|Any CPU
		{EAEEB601-FF46-4AE0-990B-48A7DEC32AAD}.Debug|Any CPU.Build.0 = Debug|Any CPU
		{EAEEB601-FF46-4AE0-990B-48A7DEC32AAD}.Release|Any CPU.ActiveCfg = Release|Any CPU
		{EAEEB601-FF46-4AE0-990B-48A7DEC32AAD}.Release|Any CPU.Build.0 = Release|Any CPU
		{38E30F8A-375F-4D93-A850-249ACC0D728F}.Debug|Any CPU.ActiveCfg = Debug|Any CPU
		{38E30F8A-375F-4D93-A850-249ACC0D728F}.Debug|Any CPU.Build.0 = Debug|Any CPU
		{38E30F8A-375F-4D93-A850-249ACC0D728F}.Release|Any CPU.ActiveCfg = Release|Any CPU
		{38E30F8A-375F-4D93-A850-249ACC0D728F}.Release|Any CPU.Build.0 = Release|Any CPU
		{470EEA2B-4C74-42CC-A237-6B12ECBB9E9F}.Debug|Any CPU.ActiveCfg = Debug|Any CPU
		{470EEA2B-4C74-42CC-A237-6B12ECBB9E9F}.Debug|Any CPU.Build.0 = Debug|Any CPU
		{470EEA2B-4C74-42CC-A237-6B12ECBB9E9F}.Release|Any CPU.ActiveCfg = Release|Any CPU
		{470EEA2B-4C74-42CC-A237-6B12ECBB9E9F}.Release|Any CPU.Build.0 = Release|Any CPU
		{53614936-0207-4EF3-8D4B-386CFB2863CE}.Debug|Any CPU.ActiveCfg = Debug|Any CPU
		{53614936-0207-4EF3-8D4B-386CFB2863CE}.Debug|Any CPU.Build.0 = Debug|Any CPU
		{53614936-0207-4EF3-8D4B-386CFB2863CE}.Release|Any CPU.ActiveCfg = Release|Any CPU
		{53614936-0207-4EF3-8D4B-386CFB2863CE}.Release|Any CPU.Build.0 = Release|Any CPU
		{E15E34F7-20F4-4477-8244-CA844464BF7C}.Debug|Any CPU.ActiveCfg = Debug|Any CPU
		{E15E34F7-20F4-4477-8244-CA844464BF7C}.Debug|Any CPU.Build.0 = Debug|Any CPU
		{E15E34F7-20F4-4477-8244-CA844464BF7C}.Release|Any CPU.ActiveCfg = Release|Any CPU
		{E15E34F7-20F4-4477-8244-CA844464BF7C}.Release|Any CPU.Build.0 = Release|Any CPU
		{AD8A14CC-3138-44A0-AECF-3AC027BAF1BC}.Debug|Any CPU.ActiveCfg = Debug|Any CPU
		{AD8A14CC-3138-44A0-AECF-3AC027BAF1BC}.Debug|Any CPU.Build.0 = Debug|Any CPU
		{AD8A14CC-3138-44A0-AECF-3AC027BAF1BC}.Release|Any CPU.ActiveCfg = Release|Any CPU
		{AD8A14CC-3138-44A0-AECF-3AC027BAF1BC}.Release|Any CPU.Build.0 = Release|Any CPU
	EndGlobalSection
	GlobalSection(SolutionProperties) = preSolution
		HideSolutionNode = FALSE
	EndGlobalSection
	GlobalSection(NestedProjects) = preSolution
		{8DC8FA59-4835-4D80-8103-74F92B8D678D} = {D9BF1293-3223-41D5-8158-9D459DD4AB18}
		{D7175FA1-0EE3-4C74-80EB-A3D3A632FD00} = {B9E7411A-DEBB-4B7F-B701-487F8820B824}
		{EAEEB601-FF46-4AE0-990B-48A7DEC32AAD} = {B9E7411A-DEBB-4B7F-B701-487F8820B824}
		{38E30F8A-375F-4D93-A850-249ACC0D728F} = {9CE3D9A7-481C-40E1-A16D-F18FD3FA110F}
		{470EEA2B-4C74-42CC-A237-6B12ECBB9E9F} = {9CE3D9A7-481C-40E1-A16D-F18FD3FA110F}
		{6E178786-CDBE-42AC-A430-03D61532E737} = {60D46143-FCF4-4899-BBA2-A1994607273E}
		{8E7C2250-D282-49E0-A078-2FCD2E8D3D6F} = {60D46143-FCF4-4899-BBA2-A1994607273E}
		{53614936-0207-4EF3-8D4B-386CFB2863CE} = {6E178786-CDBE-42AC-A430-03D61532E737}
		{E15E34F7-20F4-4477-8244-CA844464BF7C} = {8E7C2250-D282-49E0-A078-2FCD2E8D3D6F}
		{AD8A14CC-3138-44A0-AECF-3AC027BAF1BC} = {8E7C2250-D282-49E0-A078-2FCD2E8D3D6F}
	EndGlobalSection
	GlobalSection(ExtensibilityGlobals) = postSolution
		SolutionGuid = {40DEE9DE-A5EA-42AF-9F4F-765B5B9FA05B}
	EndGlobalSection
EndGlobal
